
Microsoft Visual Studio Solution File, Format Version 12.00
# Visual Studio Version 16
VisualStudioVersion = 16.0.30320.27
MinimumVisualStudioVersion = 10.0.40219.1
Project("{FAE04EC0-301F-11D3-BF4B-00C04F79EFBC}") = "ClassMetotDemo", "ClassMetotDemo\ClassMetotDemo.csproj", "{75750E57-F6C5-4B1E-AC3E-37920153D01E}"
EndProject
Global
	GlobalSection(SolutionConfigurationPlatforms) = preSolution
		Debug|Any CPU = Debug|Any CPU
		Release|Any CPU = Release|Any CPU
	EndGlobalSection
	GlobalSection(ProjectConfigurationPlatforms) = postSolution
		{75750E57-F6C5-4B1E-AC3E-37920153D01E}.Debug|Any CPU.ActiveCfg = Debug|Any CPU
		{75750E57-F6C5-4B1E-AC3E-37920153D01E}.Debug|Any CPU.Build.0 = Debug|Any CPU
		{75750E57-F6C5-4B1E-AC3E-37920153D01E}.Release|Any CPU.ActiveCfg = Release|Any CPU
		{75750E57-F6C5-4B1E-AC3E-37920153D01E}.Release|Any CPU.Build.0 = Release|Any CPU
	EndGlobalSection
	GlobalSection(SolutionProperties) = preSolution
		HideSolutionNode = FALSE
	EndGlobalSection
	GlobalSection(ExtensibilityGlobals) = postSolution
		SolutionGuid = {8AA83CF7-9400-402F-8587-CAA34E41601D}
	EndGlobalSection
EndGlobal
